{
  "name": "blogwebsite",
  "version": "1.0.0",
  "lockfileVersion": 1,
  "requires": true,
  "dependencies": {
    "vue": {
      "version": "2.6.12",
      "resolved": "https://registry.npmjs.org/vue/-/vue-2.6.12.tgz",
      "integrity": "sha512-uhmLFETqPPNyuLLbsKz6ioJ4q7AZHzD8ZVFNATNyICSZouqP2Sz0rotWQC8UNBF6VGSCs5abnKJoStA6JbCbfg=="
    },
    "vue-simple-tree": {
      "version": "2.3.2",
      "resolved": "https://registry.npmjs.org/vue-simple-tree/-/vue-simple-tree-2.3.2.tgz",
      "integrity": "sha512-oyWcwiOG2wuj56tc9mLr7y8gKn1rnCplkV4J9evnCMsqsJrQLictFwEU16wQVgYndafYKuQUhA/0f9NK2LSmtw==",
      "requires": {
        "vue": "^2.5.13"
      }
    }
  }
}
